// !$*UTF8*$!
{
	archiveVersion = 1;
	classes = {
	};
	objectVersion = 46;
	objects = {

/* Begin PBXBuildFile section */
		70064697160C2C0800AEDA2E /* Default-568h@2x.png in Resources */ = {isa = PBXBuildFile; fileRef = 70064696160C2C0800AEDA2E /* Default-568h@2x.png */; };
		70064699160D150200AEDA2E /* Default.png in Resources */ = {isa = PBXBuildFile; fileRef = 70064698160D150200AEDA2E /* Default.png */; };
		7006469B160D150500AEDA2E /* Default@2x.png in Resources */ = {isa = PBXBuildFile; fileRef = 7006469A160D150500AEDA2E /* Default@2x.png */; };
		701EC76D160A421100368E62 /* IpUrls.plist in Resources */ = {isa = PBXBuildFile; fileRef = 701EC76C160A421100368E62 /* IpUrls.plist */; };
		701EC787160A49C900368E62 /* NSArray+Map.m in Sources */ = {isa = PBXBuildFile; fileRef = 701EC783160A49C900368E62 /* NSArray+Map.m */; };
		701F1B67160514A900776202 /* QuickNet.png in Resources */ = {isa = PBXBuildFile; fileRef = 701F1B66160514A900776202 /* QuickNet.png */; };
		701F1B6C160515B100776202 /* QuickNet@2x.png in Resources */ = {isa = PBXBuildFile; fileRef = 701F1B6B160515B100776202 /* QuickNet@2x.png */; };
		7077EB401576F7C000004220 /* ExternalIPAddressCell.m in Sources */ = {isa = PBXBuildFile; fileRef = 7077EB3F1576F7C000004220 /* ExternalIPAddressCell.m */; };
		7077EB431576F83000004220 /* ExternalIPAddressCell.xib in Resources */ = {isa = PBXBuildFile; fileRef = 7077EB421576F83000004220 /* ExternalIPAddressCell.xib */; };
		7077EB5115771EC900004220 /* CFNetwork.framework in Frameworks */ = {isa = PBXBuildFile; fileRef = 7077EB5015771EC900004220 /* CFNetwork.framework */; };
		70CDB6AA15707A2700C7CD6A /* WifiInfo.m in Sources */ = {isa = PBXBuildFile; fileRef = 70CDB6A915707A2700C7CD6A /* WifiInfo.m */; settings = {COMPILER_FLAGS = "-fno-objc-arc"; }; };
		70CDB6AD157098E400C7CD6A /* SystemConfiguration.framework in Frameworks */ = {isa = PBXBuildFile; fileRef = 70CDB6AC157098E400C7CD6A /* SystemConfiguration.framework */; };
		70CDB6E91570A01A00C7CD6A /* AFHTTPClient.m in Sources */ = {isa = PBXBuildFile; fileRef = 70CDB6D51570A01A00C7CD6A /* AFHTTPClient.m */; settings = {COMPILER_FLAGS = "-fno-objc-arc"; }; };
		70CDB6EA1570A01A00C7CD6A /* AFHTTPRequestOperation.m in Sources */ = {isa = PBXBuildFile; fileRef = 70CDB6D71570A01A00C7CD6A /* AFHTTPRequestOperation.m */; settings = {COMPILER_FLAGS = "-fno-objc-arc"; }; };
		70CDB6EB1570A01A00C7CD6A /* AFImageRequestOperation.m in Sources */ = {isa = PBXBuildFile; fileRef = 70CDB6D91570A01A00C7CD6A /* AFImageRequestOperation.m */; settings = {COMPILER_FLAGS = "-fno-objc-arc"; }; };
		70CDB6EC1570A01A00C7CD6A /* AFJSONRequestOperation.m in Sources */ = {isa = PBXBuildFile; fileRef = 70CDB6DB1570A01A00C7CD6A /* AFJSONRequestOperation.m */; settings = {COMPILER_FLAGS = "-fno-objc-arc"; }; };
		70CDB6ED1570A01A00C7CD6A /* AFJSONUtilities.m in Sources */ = {isa = PBXBuildFile; fileRef = 70CDB6DD1570A01A00C7CD6A /* AFJSONUtilities.m */; settings = {COMPILER_FLAGS = "-fno-objc-arc"; }; };
		70CDB6EE1570A01A00C7CD6A /* AFNetworkActivityIndicatorManager.m in Sources */ = {isa = PBXBuildFile; fileRef = 70CDB6DF1570A01A00C7CD6A /* AFNetworkActivityIndicatorManager.m */; settings = {COMPILER_FLAGS = "-fno-objc-arc"; }; };
		70CDB6EF1570A01A00C7CD6A /* AFPropertyListRequestOperation.m in Sources */ = {isa = PBXBuildFile; fileRef = 70CDB6E21570A01A00C7CD6A /* AFPropertyListRequestOperation.m */; settings = {COMPILER_FLAGS = "-fno-objc-arc"; }; };
		70CDB6F01570A01A00C7CD6A /* AFURLConnectionOperation.m in Sources */ = {isa = PBXBuildFile; fileRef = 70CDB6E41570A01A00C7CD6A /* AFURLConnectionOperation.m */; settings = {COMPILER_FLAGS = "-fno-objc-arc"; }; };
		70CDB6F11570A01A00C7CD6A /* AFXMLRequestOperation.m in Sources */ = {isa = PBXBuildFile; fileRef = 70CDB6E61570A01A00C7CD6A /* AFXMLRequestOperation.m */; settings = {COMPILER_FLAGS = "-fno-objc-arc"; }; };
		70CDB6F21570A01A00C7CD6A /* UIImageView+AFNetworking.m in Sources */ = {isa = PBXBuildFile; fileRef = 70CDB6E81570A01A00C7CD6A /* UIImageView+AFNetworking.m */; settings = {COMPILER_FLAGS = "-fno-objc-arc"; }; };
		70E24D2A157863540036FDD6 /* SimplePing.m in Sources */ = {isa = PBXBuildFile; fileRef = 70E24D29157863540036FDD6 /* SimplePing.m */; settings = {COMPILER_FLAGS = "-fno-objc-arc"; }; };
		70E24D2D157872910036FDD6 /* GatewayCell.m in Sources */ = {isa = PBXBuildFile; fileRef = 70E24D2C157872910036FDD6 /* GatewayCell.m */; };
		70E24D33157873070036FDD6 /* GatewayCell.xib in Resources */ = {isa = PBXBuildFile; fileRef = 70E24D32157873070036FDD6 /* GatewayCell.xib */; };
		70F949E0156F2A0A00EC67AF /* UIKit.framework in Frameworks */ = {isa = PBXBuildFile; fileRef = 70F949DF156F2A0A00EC67AF /* UIKit.framework */; };
		70F949E2156F2A0A00EC67AF /* Foundation.framework in Frameworks */ = {isa = PBXBuildFile; fileRef = 70F949E1156F2A0A00EC67AF /* Foundation.framework */; };
		70F949E4156F2A0A00EC67AF /* CoreGraphics.framework in Frameworks */ = {isa = PBXBuildFile; fileRef = 70F949E3156F2A0A00EC67AF /* CoreGraphics.framework */; };
		70F949EA156F2A0A00EC67AF /* InfoPlist.strings in Resources */ = {isa = PBXBuildFile; fileRef = 70F949E8156F2A0A00EC67AF /* InfoPlist.strings */; };
		70F949EC156F2A0A00EC67AF /* main.m in Sources */ = {isa = PBXBuildFile; fileRef = 70F949EB156F2A0A00EC67AF /* main.m */; };
		70F949F0156F2A0A00EC67AF /* AppDelegate.m in Sources */ = {isa = PBXBuildFile; fileRef = 70F949EF156F2A0A00EC67AF /* AppDelegate.m */; };
		70F949F3156F2A0A00EC67AF /* MainStoryboard.storyboard in Resources */ = {isa = PBXBuildFile; fileRef = 70F949F1156F2A0A00EC67AF /* MainStoryboard.storyboard */; };
		70F94A01156F33A900EC67AF /* NICInfo.m in Sources */ = {isa = PBXBuildFile; fileRef = 70F949FE156F33A900EC67AF /* NICInfo.m */; settings = {COMPILER_FLAGS = "-fno-objc-arc"; }; };
		70F94A02156F33A900EC67AF /* NICInfoSummary.m in Sources */ = {isa = PBXBuildFile; fileRef = 70F94A00156F33A900EC67AF /* NICInfoSummary.m */; settings = {COMPILER_FLAGS = "-fno-objc-arc"; }; };
		70F94A05156F373E00EC67AF /* InterfacesTableViewController.m in Sources */ = {isa = PBXBuildFile; fileRef = 70F94A04156F373E00EC67AF /* InterfacesTableViewController.m */; };
		70F94A0C156F40FC00EC67AF /* SingleInterfaceTableViewController.m in Sources */ = {isa = PBXBuildFile; fileRef = 70F94A0B156F40FC00EC67AF /* SingleInterfaceTableViewController.m */; };
/* End PBXBuildFile section */

/* Begin PBXFileReference section */
		70064696160C2C0800AEDA2E /* Default-568h@2x.png */ = {isa = PBXFileReference; lastKnownFileType = image.png; path = "Default-568h@2x.png"; sourceTree = "<group>"; };
		70064698160D150200AEDA2E /* Default.png */ = {isa = PBXFileReference; lastKnownFileType = image.png; path = Default.png; sourceTree = "<group>"; };
		7006469A160D150500AEDA2E /* Default@2x.png */ = {isa = PBXFileReference; lastKnownFileType = image.png; path = "Default@2x.png"; sourceTree = "<group>"; };
		701EC76C160A421100368E62 /* IpUrls.plist */ = {isa = PBXFileReference; fileEncoding = 4; lastKnownFileType = text.plist.xml; name = IpUrls.plist; path = ExternalIPAddressCell/IpUrls.plist; sourceTree = "<group>"; };
		701EC782160A49C900368E62 /* NSArray+Map.h */ = {isa = PBXFileReference; fileEncoding = 4; lastKnownFileType = sourcecode.c.h; path = "NSArray+Map.h"; sourceTree = "<group>"; };
		701EC783160A49C900368E62 /* NSArray+Map.m */ = {isa = PBXFileReference; fileEncoding = 4; lastKnownFileType = sourcecode.c.objc; path = "NSArray+Map.m"; sourceTree = "<group>"; };
		701F1B66160514A900776202 /* QuickNet.png */ = {isa = PBXFileReference; lastKnownFileType = image.png; path = QuickNet.png; sourceTree = "<group>"; };
		701F1B6B160515B100776202 /* QuickNet@2x.png */ = {isa = PBXFileReference; lastKnownFileType = image.png; path = "QuickNet@2x.png"; sourceTree = "<group>"; };
		7077EB3E1576F7C000004220 /* ExternalIPAddressCell.h */ = {isa = PBXFileReference; fileEncoding = 4; lastKnownFileType = sourcecode.c.h; name = ExternalIPAddressCell.h; path = ExternalIPAddressCell/ExternalIPAddressCell.h; sourceTree = "<group>"; };
		7077EB3F1576F7C000004220 /* ExternalIPAddressCell.m */ = {isa = PBXFileReference; fileEncoding = 4; lastKnownFileType = sourcecode.c.objc; name = ExternalIPAddressCell.m; path = ExternalIPAddressCell/ExternalIPAddressCell.m; sourceTree = "<group>"; };
		7077EB421576F83000004220 /* ExternalIPAddressCell.xib */ = {isa = PBXFileReference; fileEncoding = 4; lastKnownFileType = file.xib; name = ExternalIPAddressCell.xib; path = ExternalIPAddressCell/ExternalIPAddressCell.xib; sourceTree = "<group>"; };
		7077EB5015771EC900004220 /* CFNetwork.framework */ = {isa = PBXFileReference; lastKnownFileType = wrapper.framework; name = CFNetwork.framework; path = System/Library/Frameworks/CFNetwork.framework; sourceTree = SDKROOT; };
		70CDB6A815707A2700C7CD6A /* WifiInfo.h */ = {isa = PBXFileReference; fileEncoding = 4; lastKnownFileType = sourcecode.c.h; name = WifiInfo.h; path = WifiInfo/WifiInfo.h; sourceTree = SOURCE_ROOT; };
		70CDB6A915707A2700C7CD6A /* WifiInfo.m */ = {isa = PBXFileReference; fileEncoding = 4; lastKnownFileType = sourcecode.c.objc; name = WifiInfo.m; path = WifiInfo/WifiInfo.m; sourceTree = SOURCE_ROOT; };
		70CDB6AC157098E400C7CD6A /* SystemConfiguration.framework */ = {isa = PBXFileReference; lastKnownFileType = wrapper.framework; name = SystemConfiguration.framework; path = System/Library/Frameworks/SystemConfiguration.framework; sourceTree = SDKROOT; };
		70CDB6D41570A01A00C7CD6A /* AFHTTPClient.h */ = {isa = PBXFileReference; fileEncoding = 4; lastKnownFileType = sourcecode.c.h; path = AFHTTPClient.h; sourceTree = "<group>"; };
		70CDB6D51570A01A00C7CD6A /* AFHTTPClient.m */ = {isa = PBXFileReference; fileEncoding = 4; lastKnownFileType = sourcecode.c.objc; path = AFHTTPClient.m; sourceTree = "<group>"; };
		70CDB6D61570A01A00C7CD6A /* AFHTTPRequestOperation.h */ = {isa = PBXFileReference; fileEncoding = 4; lastKnownFileType = sourcecode.c.h; path = AFHTTPRequestOperation.h; sourceTree = "<group>"; };
		70CDB6D71570A01A00C7CD6A /* AFHTTPRequestOperation.m */ = {isa = PBXFileReference; fileEncoding = 4; lastKnownFileType = sourcecode.c.objc; path = AFHTTPRequestOperation.m; sourceTree = "<group>"; };
		70CDB6D81570A01A00C7CD6A /* AFImageRequestOperation.h */ = {isa = PBXFileReference; fileEncoding = 4; lastKnownFileType = sourcecode.c.h; path = AFImageRequestOperation.h; sourceTree = "<group>"; };
		70CDB6D91570A01A00C7CD6A /* AFImageRequestOperation.m */ = {isa = PBXFileReference; fileEncoding = 4; lastKnownFileType = sourcecode.c.objc; path = AFImageRequestOperation.m; sourceTree = "<group>"; };
		70CDB6DA1570A01A00C7CD6A /* AFJSONRequestOperation.h */ = {isa = PBXFileReference; fileEncoding = 4; lastKnownFileType = sourcecode.c.h; path = AFJSONRequestOperation.h; sourceTree = "<group>"; };
		70CDB6DB1570A01A00C7CD6A /* AFJSONRequestOperation.m */ = {isa = PBXFileReference; fileEncoding = 4; lastKnownFileType = sourcecode.c.objc; path = AFJSONRequestOperation.m; sourceTree = "<group>"; };
		70CDB6DC1570A01A00C7CD6A /* AFJSONUtilities.h */ = {isa = PBXFileReference; fileEncoding = 4; lastKnownFileType = sourcecode.c.h; path = AFJSONUtilities.h; sourceTree = "<group>"; };
		70CDB6DD1570A01A00C7CD6A /* AFJSONUtilities.m */ = {isa = PBXFileReference; fileEncoding = 4; lastKnownFileType = sourcecode.c.objc; path = AFJSONUtilities.m; sourceTree = "<group>"; };
		70CDB6DE1570A01A00C7CD6A /* AFNetworkActivityIndicatorManager.h */ = {isa = PBXFileReference; fileEncoding = 4; lastKnownFileType = sourcecode.c.h; path = AFNetworkActivityIndicatorManager.h; sourceTree = "<group>"; };
		70CDB6DF1570A01A00C7CD6A /* AFNetworkActivityIndicatorManager.m */ = {isa = PBXFileReference; fileEncoding = 4; lastKnownFileType = sourcecode.c.objc; path = AFNetworkActivityIndicatorManager.m; sourceTree = "<group>"; };
		70CDB6E01570A01A00C7CD6A /* AFNetworking.h */ = {isa = PBXFileReference; fileEncoding = 4; lastKnownFileType = sourcecode.c.h; path = AFNetworking.h; sourceTree = "<group>"; };
		70CDB6E11570A01A00C7CD6A /* AFPropertyListRequestOperation.h */ = {isa = PBXFileReference; fileEncoding = 4; lastKnownFileType = sourcecode.c.h; path = AFPropertyListRequestOperation.h; sourceTree = "<group>"; };
		70CDB6E21570A01A00C7CD6A /* AFPropertyListRequestOperation.m */ = {isa = PBXFileReference; fileEncoding = 4; lastKnownFileType = sourcecode.c.objc; path = AFPropertyListRequestOperation.m; sourceTree = "<group>"; };
		70CDB6E31570A01A00C7CD6A /* AFURLConnectionOperation.h */ = {isa = PBXFileReference; fileEncoding = 4; lastKnownFileType = sourcecode.c.h; path = AFURLConnectionOperation.h; sourceTree = "<group>"; };
		70CDB6E41570A01A00C7CD6A /* AFURLConnectionOperation.m */ = {isa = PBXFileReference; fileEncoding = 4; lastKnownFileType = sourcecode.c.objc; path = AFURLConnectionOperation.m; sourceTree = "<group>"; };
		70CDB6E51570A01A00C7CD6A /* AFXMLRequestOperation.h */ = {isa = PBXFileReference; fileEncoding = 4; lastKnownFileType = sourcecode.c.h; path = AFXMLRequestOperation.h; sourceTree = "<group>"; };
		70CDB6E61570A01A00C7CD6A /* AFXMLRequestOperation.m */ = {isa = PBXFileReference; fileEncoding = 4; lastKnownFileType = sourcecode.c.objc; path = AFXMLRequestOperation.m; sourceTree = "<group>"; };
		70CDB6E71570A01A00C7CD6A /* UIImageView+AFNetworking.h */ = {isa = PBXFileReference; fileEncoding = 4; lastKnownFileType = sourcecode.c.h; path = "UIImageView+AFNetworking.h"; sourceTree = "<group>"; };
		70CDB6E81570A01A00C7CD6A /* UIImageView+AFNetworking.m */ = {isa = PBXFileReference; fileEncoding = 4; lastKnownFileType = sourcecode.c.objc; path = "UIImageView+AFNetworking.m"; sourceTree = "<group>"; };
		70E24D28157863540036FDD6 /* SimplePing.h */ = {isa = PBXFileReference; fileEncoding = 4; lastKnownFileType = sourcecode.c.h; path = SimplePing.h; sourceTree = "<group>"; };
		70E24D29157863540036FDD6 /* SimplePing.m */ = {isa = PBXFileReference; fileEncoding = 4; lastKnownFileType = sourcecode.c.objc; path = SimplePing.m; sourceTree = "<group>"; };
		70E24D2B157872910036FDD6 /* GatewayCell.h */ = {isa = PBXFileReference; fileEncoding = 4; lastKnownFileType = sourcecode.c.h; name = GatewayCell.h; path = GatewayCell/GatewayCell.h; sourceTree = "<group>"; };
		70E24D2C157872910036FDD6 /* GatewayCell.m */ = {isa = PBXFileReference; fileEncoding = 4; lastKnownFileType = sourcecode.c.objc; name = GatewayCell.m; path = GatewayCell/GatewayCell.m; sourceTree = "<group>"; };
		70E24D32157873070036FDD6 /* GatewayCell.xib */ = {isa = PBXFileReference; fileEncoding = 4; lastKnownFileType = file.xib; name = GatewayCell.xib; path = GatewayCell/GatewayCell.xib; sourceTree = "<group>"; };
		70E4E6ED15782C1200BED46E /* MobileCoreServices.framework */ = {isa = PBXFileReference; lastKnownFileType = wrapper.framework; name = MobileCoreServices.framework; path = System/Library/Frameworks/MobileCoreServices.framework; sourceTree = SDKROOT; };
		70F949DB156F2A0A00EC67AF /* QuickNetworkSettings.app */ = {isa = PBXFileReference; explicitFileType = wrapper.application; includeInIndex = 0; path = QuickNetworkSettings.app; sourceTree = BUILT_PRODUCTS_DIR; };
		70F949DF156F2A0A00EC67AF /* UIKit.framework */ = {isa = PBXFileReference; lastKnownFileType = wrapper.framework; name = UIKit.framework; path = System/Library/Frameworks/UIKit.framework; sourceTree = SDKROOT; };
		70F949E1156F2A0A00EC67AF /* Foundation.framework */ = {isa = PBXFileReference; lastKnownFileType = wrapper.framework; name = Foundation.framework; path = System/Library/Frameworks/Foundation.framework; sourceTree = SDKROOT; };
		70F949E3156F2A0A00EC67AF /* CoreGraphics.framework */ = {isa = PBXFileReference; lastKnownFileType = wrapper.framework; name = CoreGraphics.framework; path = System/Library/Frameworks/CoreGraphics.framework; sourceTree = SDKROOT; };
		70F949E7156F2A0A00EC67AF /* QuickNetworkSettings-Info.plist */ = {isa = PBXFileReference; lastKnownFileType = text.plist.xml; path = "QuickNetworkSettings-Info.plist"; sourceTree = "<group>"; };
		70F949E9156F2A0A00EC67AF /* en */ = {isa = PBXFileReference; lastKnownFileType = text.plist.strings; name = en; path = en.lproj/InfoPlist.strings; sourceTree = "<group>"; };
		70F949EB156F2A0A00EC67AF /* main.m */ = {isa = PBXFileReference; lastKnownFileType = sourcecode.c.objc; path = main.m; sourceTree = "<group>"; };
		70F949ED156F2A0A00EC67AF /* QuickNetworkSettings-Prefix.pch */ = {isa = PBXFileReference; lastKnownFileType = sourcecode.c.h; path = "QuickNetworkSettings-Prefix.pch"; sourceTree = "<group>"; };
		70F949EE156F2A0A00EC67AF /* AppDelegate.h */ = {isa = PBXFileReference; lastKnownFileType = sourcecode.c.h; path = AppDelegate.h; sourceTree = "<group>"; };
		70F949EF156F2A0A00EC67AF /* AppDelegate.m */ = {isa = PBXFileReference; lastKnownFileType = sourcecode.c.objc; path = AppDelegate.m; sourceTree = "<group>"; };
		70F949F2156F2A0A00EC67AF /* en */ = {isa = PBXFileReference; lastKnownFileType = file.storyboard; name = en; path = en.lproj/MainStoryboard.storyboard; sourceTree = "<group>"; };
		70F949FD156F33A900EC67AF /* NICInfo.h */ = {isa = PBXFileReference; fileEncoding = 4; lastKnownFileType = sourcecode.c.h; path = NICInfo.h; sourceTree = "<group>"; };
		70F949FE156F33A900EC67AF /* NICInfo.m */ = {isa = PBXFileReference; fileEncoding = 4; lastKnownFileType = sourcecode.c.objc; path = NICInfo.m; sourceTree = "<group>"; };
		70F949FF156F33A900EC67AF /* NICInfoSummary.h */ = {isa = PBXFileReference; fileEncoding = 4; lastKnownFileType = sourcecode.c.h; path = NICInfoSummary.h; sourceTree = "<group>"; };
		70F94A00156F33A900EC67AF /* NICInfoSummary.m */ = {isa = PBXFileReference; fileEncoding = 4; lastKnownFileType = sourcecode.c.objc; path = NICInfoSummary.m; sourceTree = "<group>"; };
		70F94A03156F373E00EC67AF /* InterfacesTableViewController.h */ = {isa = PBXFileReference; fileEncoding = 4; lastKnownFileType = sourcecode.c.h; path = InterfacesTableViewController.h; sourceTree = "<group>"; };
		70F94A04156F373E00EC67AF /* InterfacesTableViewController.m */ = {isa = PBXFileReference; fileEncoding = 4; lastKnownFileType = sourcecode.c.objc; path = InterfacesTableViewController.m; sourceTree = "<group>"; };
		70F94A0A156F40FC00EC67AF /* SingleInterfaceTableViewController.h */ = {isa = PBXFileReference; fileEncoding = 4; lastKnownFileType = sourcecode.c.h; path = SingleInterfaceTableViewController.h; sourceTree = "<group>"; };
		70F94A0B156F40FC00EC67AF /* SingleInterfaceTableViewController.m */ = {isa = PBXFileReference; fileEncoding = 4; lastKnownFileType = sourcecode.c.objc; path = SingleInterfaceTableViewController.m; sourceTree = "<group>"; };
/* End PBXFileReference section */

/* Begin PBXFrameworksBuildPhase section */
		70F949D8156F2A0A00EC67AF /* Frameworks */ = {
			isa = PBXFrameworksBuildPhase;
			buildActionMask = 2147483647;
			files = (
				7077EB5115771EC900004220 /* CFNetwork.framework in Frameworks */,
				70CDB6AD157098E400C7CD6A /* SystemConfiguration.framework in Frameworks */,
				70F949E0156F2A0A00EC67AF /* UIKit.framework in Frameworks */,
				70F949E2156F2A0A00EC67AF /* Foundation.framework in Frameworks */,
				70F949E4156F2A0A00EC67AF /* CoreGraphics.framework in Frameworks */,
			);
			runOnlyForDeploymentPostprocessing = 0;
		};
/* End PBXFrameworksBuildPhase section */

/* Begin PBXGroup section */
		701EC77F160A49C900368E62 /* mopsled-categories */ = {
			isa = PBXGroup;
			children = (
				701EC781160A49C900368E62 /* NSArray */,
			);
			path = "mopsled-categories";
			sourceTree = "<group>";
		};
		701EC781160A49C900368E62 /* NSArray */ = {
			isa = PBXGroup;
			children = (
				701EC782160A49C900368E62 /* NSArray+Map.h */,
				701EC783160A49C900368E62 /* NSArray+Map.m */,
			);
			path = NSArray;
			sourceTree = "<group>";
		};
		7077EB411576F7C700004220 /* ExternalIPAddressCell */ = {
			isa = PBXGroup;
			children = (
				7077EB3E1576F7C000004220 /* ExternalIPAddressCell.h */,
				7077EB3F1576F7C000004220 /* ExternalIPAddressCell.m */,
				7077EB421576F83000004220 /* ExternalIPAddressCell.xib */,
				701EC76C160A421100368E62 /* IpUrls.plist */,
			);
			name = ExternalIPAddressCell;
			sourceTree = "<group>";
		};
		70CDB6CE15709DE400C7CD6A /* WifiInfo */ = {
			isa = PBXGroup;
			children = (
				70CDB6A815707A2700C7CD6A /* WifiInfo.h */,
				70CDB6A915707A2700C7CD6A /* WifiInfo.m */,
			);
			name = WifiInfo;
			sourceTree = "<group>";
		};
		70CDB6D31570A01A00C7CD6A /* AFNetworking */ = {
			isa = PBXGroup;
			children = (
				70CDB6D41570A01A00C7CD6A /* AFHTTPClient.h */,
				70CDB6D51570A01A00C7CD6A /* AFHTTPClient.m */,
				70CDB6D61570A01A00C7CD6A /* AFHTTPRequestOperation.h */,
				70CDB6D71570A01A00C7CD6A /* AFHTTPRequestOperation.m */,
				70CDB6D81570A01A00C7CD6A /* AFImageRequestOperation.h */,
				70CDB6D91570A01A00C7CD6A /* AFImageRequestOperation.m */,
				70CDB6DA1570A01A00C7CD6A /* AFJSONRequestOperation.h */,
				70CDB6DB1570A01A00C7CD6A /* AFJSONRequestOperation.m */,
				70CDB6DC1570A01A00C7CD6A /* AFJSONUtilities.h */,
				70CDB6DD1570A01A00C7CD6A /* AFJSONUtilities.m */,
				70CDB6DE1570A01A00C7CD6A /* AFNetworkActivityIndicatorManager.h */,
				70CDB6DF1570A01A00C7CD6A /* AFNetworkActivityIndicatorManager.m */,
				70CDB6E01570A01A00C7CD6A /* AFNetworking.h */,
				70CDB6E11570A01A00C7CD6A /* AFPropertyListRequestOperation.h */,
				70CDB6E21570A01A00C7CD6A /* AFPropertyListRequestOperation.m */,
				70CDB6E31570A01A00C7CD6A /* AFURLConnectionOperation.h */,
				70CDB6E41570A01A00C7CD6A /* AFURLConnectionOperation.m */,
				70CDB6E51570A01A00C7CD6A /* AFXMLRequestOperation.h */,
				70CDB6E61570A01A00C7CD6A /* AFXMLRequestOperation.m */,
				70CDB6E71570A01A00C7CD6A /* UIImageView+AFNetworking.h */,
				70CDB6E81570A01A00C7CD6A /* UIImageView+AFNetworking.m */,
			);
			path = AFNetworking;
			sourceTree = "<group>";
		};
		70E24D27157863540036FDD6 /* SimplePing */ = {
			isa = PBXGroup;
			children = (
				70E24D28157863540036FDD6 /* SimplePing.h */,
				70E24D29157863540036FDD6 /* SimplePing.m */,
			);
			path = SimplePing;
			sourceTree = "<group>";
		};
		70E24D2E157872950036FDD6 /* GatewayCell */ = {
			isa = PBXGroup;
			children = (
				70E24D2B157872910036FDD6 /* GatewayCell.h */,
				70E24D2C157872910036FDD6 /* GatewayCell.m */,
				70E24D32157873070036FDD6 /* GatewayCell.xib */,
			);
			name = GatewayCell;
			sourceTree = "<group>";
		};
		70E24D2F157872A20036FDD6 /* Libraries */ = {
			isa = PBXGroup;
			children = (
				701EC77F160A49C900368E62 /* mopsled-categories */,
				70CDB6CE15709DE400C7CD6A /* WifiInfo */,
				70F949FC156F33A900EC67AF /* NICInfo */,
				70CDB6D31570A01A00C7CD6A /* AFNetworking */,
				70E24D27157863540036FDD6 /* SimplePing */,
			);
			name = Libraries;
			sourceTree = "<group>";
		};
		70E24D31157872D90036FDD6 /* Custom Cells */ = {
			isa = PBXGroup;
			children = (
				70E24D2E157872950036FDD6 /* GatewayCell */,
				7077EB411576F7C700004220 /* ExternalIPAddressCell */,
			);
			name = "Custom Cells";
			sourceTree = "<group>";
		};
		70F949D0156F2A0A00EC67AF = {
			isa = PBXGroup;
			children = (
				7006469A160D150500AEDA2E /* Default@2x.png */,
				70064698160D150200AEDA2E /* Default.png */,
				70064696160C2C0800AEDA2E /* Default-568h@2x.png */,
				701F1B6B160515B100776202 /* QuickNet@2x.png */,
				701F1B66160514A900776202 /* QuickNet.png */,
				70F949DE156F2A0A00EC67AF /* Frameworks */,
				70E24D2F157872A20036FDD6 /* Libraries */,
				70E24D31157872D90036FDD6 /* Custom Cells */,
				70F949E5156F2A0A00EC67AF /* QuickNetworkSettings */,
				70F949DC156F2A0A00EC67AF /* Products */,
			);
			sourceTree = "<group>";
		};
		70F949DC156F2A0A00EC67AF /* Products */ = {
			isa = PBXGroup;
			children = (
				70F949DB156F2A0A00EC67AF /* QuickNetworkSettings.app */,
			);
			name = Products;
			sourceTree = "<group>";
		};
		70F949DE156F2A0A00EC67AF /* Frameworks */ = {
			isa = PBXGroup;
			children = (
				70CDB6AC157098E400C7CD6A /* SystemConfiguration.framework */,
				7077EB5015771EC900004220 /* CFNetwork.framework */,
				70E4E6ED15782C1200BED46E /* MobileCoreServices.framework */,
				70F949DF156F2A0A00EC67AF /* UIKit.framework */,
				70F949E1156F2A0A00EC67AF /* Foundation.framework */,
				70F949E3156F2A0A00EC67AF /* CoreGraphics.framework */,
			);
			name = Frameworks;
			sourceTree = "<group>";
		};
		70F949E5156F2A0A00EC67AF /* QuickNetworkSettings */ = {
			isa = PBXGroup;
			children = (
				70F949EE156F2A0A00EC67AF /* AppDelegate.h */,
				70F949EF156F2A0A00EC67AF /* AppDelegate.m */,
				70F949F1156F2A0A00EC67AF /* MainStoryboard.storyboard */,
				70F949E6156F2A0A00EC67AF /* Supporting Files */,
				70F94A03156F373E00EC67AF /* InterfacesTableViewController.h */,
				70F94A04156F373E00EC67AF /* InterfacesTableViewController.m */,
				70F94A0A156F40FC00EC67AF /* SingleInterfaceTableViewController.h */,
				70F94A0B156F40FC00EC67AF /* SingleInterfaceTableViewController.m */,
			);
			path = QuickNetworkSettings;
			sourceTree = "<group>";
		};
		70F949E6156F2A0A00EC67AF /* Supporting Files */ = {
			isa = PBXGroup;
			children = (
				70F949E7156F2A0A00EC67AF /* QuickNetworkSettings-Info.plist */,
				70F949E8156F2A0A00EC67AF /* InfoPlist.strings */,
				70F949EB156F2A0A00EC67AF /* main.m */,
				70F949ED156F2A0A00EC67AF /* QuickNetworkSettings-Prefix.pch */,
			);
			name = "Supporting Files";
			sourceTree = "<group>";
		};
		70F949FC156F33A900EC67AF /* NICInfo */ = {
			isa = PBXGroup;
			children = (
				70F949FD156F33A900EC67AF /* NICInfo.h */,
				70F949FE156F33A900EC67AF /* NICInfo.m */,
				70F949FF156F33A900EC67AF /* NICInfoSummary.h */,
				70F94A00156F33A900EC67AF /* NICInfoSummary.m */,
			);
			path = NICInfo;
			sourceTree = "<group>";
		};
/* End PBXGroup section */

/* Begin PBXNativeTarget section */
		70F949DA156F2A0A00EC67AF /* QuickNetworkSettings */ = {
			isa = PBXNativeTarget;
			buildConfigurationList = 70F949F9156F2A0A00EC67AF /* Build configuration list for PBXNativeTarget "QuickNetworkSettings" */;
			buildPhases = (
				70F949D7156F2A0A00EC67AF /* Sources */,
				70F949D8156F2A0A00EC67AF /* Frameworks */,
				70F949D9156F2A0A00EC67AF /* Resources */,
			);
			buildRules = (
			);
			dependencies = (
			);
			name = QuickNetworkSettings;
			productName = QuickNetworkSettings;
			productReference = 70F949DB156F2A0A00EC67AF /* QuickNetworkSettings.app */;
			productType = "com.apple.product-type.application";
		};
/* End PBXNativeTarget section */

/* Begin PBXProject section */
		70F949D2156F2A0A00EC67AF /* Project object */ = {
			isa = PBXProject;
			attributes = {
				LastUpgradeCheck = 0430;
			};
			buildConfigurationList = 70F949D5156F2A0A00EC67AF /* Build configuration list for PBXProject "QuickNetworkSettings" */;
			compatibilityVersion = "Xcode 3.2";
			developmentRegion = English;
			hasScannedForEncodings = 0;
			knownRegions = (
				en,
			);
			mainGroup = 70F949D0156F2A0A00EC67AF;
			productRefGroup = 70F949DC156F2A0A00EC67AF /* Products */;
			projectDirPath = "";
			projectRoot = "";
			targets = (
				70F949DA156F2A0A00EC67AF /* QuickNetworkSettings */,
			);
		};
/* End PBXProject section */

/* Begin PBXResourcesBuildPhase section */
		70F949D9156F2A0A00EC67AF /* Resources */ = {
			isa = PBXResourcesBuildPhase;
			buildActionMask = 2147483647;
			files = (
				70F949EA156F2A0A00EC67AF /* InfoPlist.strings in Resources */,
				70F949F3156F2A0A00EC67AF /* MainStoryboard.storyboard in Resources */,
				7077EB431576F83000004220 /* ExternalIPAddressCell.xib in Resources */,
				70E24D33157873070036FDD6 /* GatewayCell.xib in Resources */,
				701F1B67160514A900776202 /* QuickNet.png in Resources */,
				701F1B6C160515B100776202 /* QuickNet@2x.png in Resources */,
				701EC76D160A421100368E62 /* IpUrls.plist in Resources */,
				70064697160C2C0800AEDA2E /* Default-568h@2x.png in Resources */,
				70064699160D150200AEDA2E /* Default.png in Resources */,
				7006469B160D150500AEDA2E /* Default@2x.png in Resources */,
			);
			runOnlyForDeploymentPostprocessing = 0;
		};
/* End PBXResourcesBuildPhase section */

/* Begin PBXSourcesBuildPhase section */
		70F949D7156F2A0A00EC67AF /* Sources */ = {
			isa = PBXSourcesBuildPhase;
			buildActionMask = 2147483647;
			files = (
				70F949EC156F2A0A00EC67AF /* main.m in Sources */,
				70F949F0156F2A0A00EC67AF /* AppDelegate.m in Sources */,
				70F94A01156F33A900EC67AF /* NICInfo.m in Sources */,
				70F94A02156F33A900EC67AF /* NICInfoSummary.m in Sources */,
				70F94A05156F373E00EC67AF /* InterfacesTableViewController.m in Sources */,
				70F94A0C156F40FC00EC67AF /* SingleInterfaceTableViewController.m in Sources */,
				70CDB6AA15707A2700C7CD6A /* WifiInfo.m in Sources */,
				70CDB6E91570A01A00C7CD6A /* AFHTTPClient.m in Sources */,
				70CDB6EA1570A01A00C7CD6A /* AFHTTPRequestOperation.m in Sources */,
				70CDB6EB1570A01A00C7CD6A /* AFImageRequestOperation.m in Sources */,
				70CDB6EC1570A01A00C7CD6A /* AFJSONRequestOperation.m in Sources */,
				70CDB6ED1570A01A00C7CD6A /* AFJSONUtilities.m in Sources */,
				70CDB6EE1570A01A00C7CD6A /* AFNetworkActivityIndicatorManager.m in Sources */,
				70CDB6EF1570A01A00C7CD6A /* AFPropertyListRequestOperation.m in Sources */,
				70CDB6F01570A01A00C7CD6A /* AFURLConnectionOperation.m in Sources */,
				70CDB6F11570A01A00C7CD6A /* AFXMLRequestOperation.m in Sources */,
				70CDB6F21570A01A00C7CD6A /* UIImageView+AFNetworking.m in Sources */,
				7077EB401576F7C000004220 /* ExternalIPAddressCell.m in Sources */,
				70E24D2A157863540036FDD6 /* SimplePing.m in Sources */,
				70E24D2D157872910036FDD6 /* GatewayCell.m in Sources */,
				701EC787160A49C900368E62 /* NSArray+Map.m in Sources */,
			);
			runOnlyForDeploymentPostprocessing = 0;
		};
/* End PBXSourcesBuildPhase section */

/* Begin PBXVariantGroup section */
		70F949E8156F2A0A00EC67AF /* InfoPlist.strings */ = {
			isa = PBXVariantGroup;
			children = (
				70F949E9156F2A0A00EC67AF /* en */,
			);
			name = InfoPlist.strings;
			sourceTree = "<group>";
		};
		70F949F1156F2A0A00EC67AF /* MainStoryboard.storyboard */ = {
			isa = PBXVariantGroup;
			children = (
				70F949F2156F2A0A00EC67AF /* en */,
			);
			name = MainStoryboard.storyboard;
			sourceTree = "<group>";
		};
/* End PBXVariantGroup section */

/* Begin XCBuildConfiguration section */
		70F949F7156F2A0A00EC67AF /* Debug */ = {
			isa = XCBuildConfiguration;
			buildSettings = {
				ALWAYS_SEARCH_USER_PATHS = NO;
				ARCHS = "$(ARCHS_STANDARD_32_BIT)";
				CLANG_ENABLE_OBJC_ARC = YES;
				CODE_SIGN_IDENTITY = "iPhone Developer";
				"CODE_SIGN_IDENTITY[sdk=iphoneos*]" = "iPhone Developer";
				COPY_PHASE_STRIP = NO;
				GCC_C_LANGUAGE_STANDARD = gnu99;
				GCC_DYNAMIC_NO_PIC = NO;
				GCC_OPTIMIZATION_LEVEL = 0;
				GCC_PREPROCESSOR_DEFINITIONS = (
					"DEBUG=1",
					"$(inherited)",
				);
				GCC_SYMBOLS_PRIVATE_EXTERN = NO;
				GCC_VERSION = com.apple.compilers.llvm.clang.1_0;
				GCC_WARN_ABOUT_RETURN_TYPE = YES;
				GCC_WARN_UNINITIALIZED_AUTOS = YES;
				GCC_WARN_UNUSED_VARIABLE = YES;
				IPHONEOS_DEPLOYMENT_TARGET = 5.1;
				PROVISIONING_PROFILE = "";
				"PROVISIONING_PROFILE[sdk=iphoneos*]" = "";
				SDKROOT = iphoneos;
			};
			name = Debug;
		};
		70F949F8156F2A0A00EC67AF /* Release */ = {
			isa = XCBuildConfiguration;
			buildSettings = {
				ALWAYS_SEARCH_USER_PATHS = NO;
				ARCHS = "$(ARCHS_STANDARD_32_BIT)";
				CLANG_ENABLE_OBJC_ARC = YES;
				CODE_SIGN_IDENTITY = "iPhone Developer";
				"CODE_SIGN_IDENTITY[sdk=iphoneos*]" = "iPhone Developer";
				COPY_PHASE_STRIP = YES;
				GCC_C_LANGUAGE_STANDARD = gnu99;
				GCC_VERSION = com.apple.compilers.llvm.clang.1_0;
				GCC_WARN_ABOUT_RETURN_TYPE = YES;
				GCC_WARN_UNINITIALIZED_AUTOS = YES;
				GCC_WARN_UNUSED_VARIABLE = YES;
				IPHONEOS_DEPLOYMENT_TARGET = 5.1;
				OTHER_CFLAGS = "-DNS_BLOCK_ASSERTIONS=1";
				PROVISIONING_PROFILE = "";
				"PROVISIONING_PROFILE[sdk=iphoneos*]" = "";
				SDKROOT = iphoneos;
				VALIDATE_PRODUCT = YES;
			};
			name = Release;
		};
		70F949FA156F2A0A00EC67AF /* Debug */ = {
			isa = XCBuildConfiguration;
			buildSettings = {
				GCC_PRECOMPILE_PREFIX_HEADER = YES;
				GCC_PREFIX_HEADER = "QuickNetworkSettings/QuickNetworkSettings-Prefix.pch";
				INFOPLIST_FILE = "QuickNetworkSettings/QuickNetworkSettings-Info.plist";
				PRODUCT_NAME = "$(TARGET_NAME)";
				TARGETED_DEVICE_FAMILY = 1;
				WRAPPER_EXTENSION = app;
			};
			name = Debug;
		};
		70F949FB156F2A0A00EC67AF /* Release */ = {
			isa = XCBuildConfiguration;
			buildSettings = {
				GCC_PRECOMPILE_PREFIX_HEADER = YES;
				GCC_PREFIX_HEADER = "QuickNetworkSettings/QuickNetworkSettings-Prefix.pch";
				INFOPLIST_FILE = "QuickNetworkSettings/QuickNetworkSettings-Info.plist";
				PRODUCT_NAME = "$(TARGET_NAME)";
				TARGETED_DEVICE_FAMILY = 1;
				WRAPPER_EXTENSION = app;
			};
			name = Release;
		};
/* End XCBuildConfiguration section */

/* Begin XCConfigurationList section */
		70F949D5156F2A0A00EC67AF /* Build configuration list for PBXProject "QuickNetworkSettings" */ = {
			isa = XCConfigurationList;
			buildConfigurations = (
				70F949F7156F2A0A00EC67AF /* Debug */,
				70F949F8156F2A0A00EC67AF /* Release */,
			);
			defaultConfigurationIsVisible = 0;
			defaultConfigurationName = Release;
		};
		70F949F9156F2A0A00EC67AF /* Build configuration list for PBXNativeTarget "QuickNetworkSettings" */ = {
			isa = XCConfigurationList;
			buildConfigurations = (
				70F949FA156F2A0A00EC67AF /* Debug */,
				70F949FB156F2A0A00EC67AF /* Release */,
			);
			defaultConfigurationIsVisible = 0;
			defaultConfigurationName = Release;
		};
/* End XCConfigurationList section */
	};
	rootObject = 70F949D2156F2A0A00EC67AF /* Project object */;
}
